# @generated by Move, please check-in and do not edit manually.

[move]
version = 2
manifest_digest = "970DF5C22920C61A03C16AC2AEDA162F8EE163072912A0523DADEC939A604371"
deps_digest = "F8BBB0CCB2491CA29A3DF03D6F92277A4F3574266507ACD77214D37ECA3F3082"
dependencies = [
  { name = "Sui" },
]

[[move.package]]
name = "MoveStdlib"
source = { git = "https://github.com/MystenLabs/sui.git", rev = "devnet", subdir = "crates/sui-framework/packages/move-stdlib" }

[[move.package]]
name = "Sui"
source = { git = "https://github.com/MystenLabs/sui.git", rev = "devnet", subdir = "crates/sui-framework/packages/sui-framework" }

dependencies = [
  { name = "MoveStdlib" },
]

[move.toolchain-version]
compiler-version = "1.25.0"
edition = "2024.beta"
flavor = "sui"

[env]

[env.devnet]
chain-id = "d29677eb"
original-published-id = "0x56e94d31d49c3c138b8137ba25ebb9516dd18488827a35e843091618c2349bae"
latest-published-id = "0x56e94d31d49c3c138b8137ba25ebb9516dd18488827a35e843091618c2349bae"
published-version = "1"
