# @generated by Move, please check-in and do not edit manually.

[move]
version = 2
manifest_digest = "970DF5C22920C61A03C16AC2AEDA162F8EE163072912A0523DADEC939A604371"
deps_digest = "F8BBB0CCB2491CA29A3DF03D6F92277A4F3574266507ACD77214D37ECA3F3082"
dependencies = [
  { name = "Sui" },
]

[[move.package]]
name = "MoveStdlib"
source = { git = "https://github.com/MystenLabs/sui.git", rev = "devnet", subdir = "crates/sui-framework/packages/move-stdlib" }

[[move.package]]
name = "Sui"
source = { git = "https://github.com/MystenLabs/sui.git", rev = "devnet", subdir = "crates/sui-framework/packages/sui-framework" }

dependencies = [
  { name = "MoveStdlib" },
]

[move.toolchain-version]
compiler-version = "1.25.0"
edition = "2024.beta"
flavor = "sui"

[env]

[env.local]
chain-id = "f1c6922d"
original-published-id = "0x3d9e6802e10b4de07a2d37f99c133addcfbc2f42e31c4949efaf8ff774444301"
latest-published-id = "0x3d9e6802e10b4de07a2d37f99c133addcfbc2f42e31c4949efaf8ff774444301"
published-version = "1"

[env.devnet]
chain-id = "d29677eb"
original-published-id = "0xced9b4a21f7c6d0665650d0b7269ed9ea00cf65341fc24c040c495fca4fc9d9d"
latest-published-id = "0xced9b4a21f7c6d0665650d0b7269ed9ea00cf65341fc24c040c495fca4fc9d9d"
published-version = "1"
