# @generated by Move, please check-in and do not edit manually.

[move]
version = 2
manifest_digest = "4795DD6B115EED079377A0B82A2A07ECFC1FD94218F3FC6A5B005CF36753BEF3"
deps_digest = "3C4103934B1E040BB6B23F1D610B4EF9F2F1166A50A104EADCF77467C004C600"
dependencies = [
  { name = "Sui" },
  { name = "kriya_spot_dex" },
]

[[move.package]]
name = "MoveStdlib"
source = { git = "https://github.com/MystenLabs/sui.git", rev = "testnet", subdir = "crates/sui-framework/packages/move-stdlib" }

[[move.package]]
name = "Sui"
source = { git = "https://github.com/MystenLabs/sui.git", rev = "testnet", subdir = "crates/sui-framework/packages/sui-framework" }

dependencies = [
  { name = "MoveStdlib" },
]

[[move.package]]
name = "kriya_spot_dex"
source = { local = "../kriya-dex" }

dependencies = [
  { name = "Sui" },
]

[move.toolchain-version]
compiler-version = "1.26.0"
edition = "2024.beta"
flavor = "sui"

[env]

[env.testnet]
chain-id = "4c78adac"
original-published-id = "0x07cd8d53fea10c07e1b5ffbc0da17696b7133f4de5a728098804bcff80ff80be"
latest-published-id = "0x07cd8d53fea10c07e1b5ffbc0da17696b7133f4de5a728098804bcff80ff80be"
published-version = "1"

[env.testnet-official]
chain-id = "4c78adac"
original-published-id = "0x96d38f0f646602e8d8ea3e3468ecf78124f866b9175ed6952bf7784e1c18854a"
latest-published-id = "0x96d38f0f646602e8d8ea3e3468ecf78124f866b9175ed6952bf7784e1c18854a"
published-version = "1"
