# @generated by Move, please check-in and do not edit manually.

[move]
version = 2
manifest_digest = "4172F7485E50E852B3ED7305EE56939AA1A8216789B8E56A04C2DE5827957823"
deps_digest = "3C4103934B1E040BB6B23F1D610B4EF9F2F1166A50A104EADCF77467C004C600"
dependencies = [
  { name = "Sui" },
  { name = "kriya_spot_dex" },
]

[[move.package]]
name = "MoveStdlib"
source = { git = "https://github.com/MystenLabs/sui.git", rev = "testnet", subdir = "crates/sui-framework/packages/move-stdlib" }

[[move.package]]
name = "Sui"
source = { git = "https://github.com/MystenLabs/sui.git", rev = "testnet", subdir = "crates/sui-framework/packages/sui-framework" }

dependencies = [
  { name = "MoveStdlib" },
]

[[move.package]]
name = "kriya_spot_dex"
source = { git = "git@github.com:sui-overflow-2024/kriya-dex-interface.git", rev = "main", subdir = "./" }

dependencies = [
  { name = "Sui" },
]

[move.toolchain-version]
compiler-version = "1.26.1"
edition = "2024.beta"
flavor = "sui"

[env]

[env.testnet]
chain-id = "4c78adac"
original-published-id = "0x07cd8d53fea10c07e1b5ffbc0da17696b7133f4de5a728098804bcff80ff80be"
latest-published-id = "0x07cd8d53fea10c07e1b5ffbc0da17696b7133f4de5a728098804bcff80ff80be"
published-version = "1"

[env.testnet-official]
chain-id = "4c78adac"
original-published-id = "0xa3b37cafe19d4f9a5393d8ce86a413c3583846df54c0ea61b0081e5878dd6958"
latest-published-id = "0xa3b37cafe19d4f9a5393d8ce86a413c3583846df54c0ea61b0081e5878dd6958"
published-version = "1"
