# @generated by Move, please check-in and do not edit manually.

[move]
version = 2
manifest_digest = "D03AA0EFF34700988DB9A78678157CF5F758C7B2A92AB4CDDE8E838876854FE3"
deps_digest = "F8BBB0CCB2491CA29A3DF03D6F92277A4F3574266507ACD77214D37ECA3F3082"
dependencies = [
  { name = "Sui" },
]

[[move.package]]
name = "MoveStdlib"
source = { git = "https://github.com/MystenLabs/sui.git", rev = "testnet", subdir = "crates/sui-framework/packages/move-stdlib" }

[[move.package]]
name = "Sui"
source = { git = "https://github.com/MystenLabs/sui.git", rev = "testnet", subdir = "crates/sui-framework/packages/sui-framework" }

dependencies = [
  { name = "MoveStdlib" },
]

[move.toolchain-version]
compiler-version = "1.26.1"
edition = "legacy"
flavor = "sui"

[env]

[env.testnet-official]
chain-id = "4c78adac"
original-published-id = "0xafb42e550188c85c0468e5a308710c1f0ef4be939258cd12664305cba3632c44"
latest-published-id = "0xafb42e550188c85c0468e5a308710c1f0ef4be939258cd12664305cba3632c44"
published-version = "1"
